
Microsoft Visual Studio Solution File, Format Version 12.00
# Visual Studio 14
VisualStudioVersion = 14.0.25420.1
MinimumVisualStudioVersion = 10.0.40219.1
Project("{2150E333-8FDC-42A3-9474-1A3956D46DE8}") = "src", "src", "{0DAB9946-E63B-48EC-BF8A-F84968764C7A}"
EndProject
Project("{2150E333-8FDC-42A3-9474-1A3956D46DE8}") = "tests", "tests", "{F4927267-341B-43A0-BC42-7F8124FEC7C8}"
EndProject
Project("{FAE04EC0-301F-11D3-BF4B-00C04F79EFBC}") = "BusinessLight.Domain", "src\BusinessLight.Domain\BusinessLight.Domain.csproj", "{4B4BFC5D-6AB7-4FF9-933D-035FB544281C}"
EndProject
Project("{FAE04EC0-301F-11D3-BF4B-00C04F79EFBC}") = "BusinessLight.Domain.Tests", "tests\BusinessLight.Domain.Tests\BusinessLight.Domain.Tests.csproj", "{7AB25039-4EA1-4A54-AFE8-F5E3832E83F5}"
EndProject
Project("{FAE04EC0-301F-11D3-BF4B-00C04F79EFBC}") = "BusinessLight.Tests.Common", "tests\BusinessLight.Tests.Common\BusinessLight.Tests.Common.csproj", "{12F619F1-E618-44E8-8EFF-6DA39936BB36}"
EndProject
Project("{FAE04EC0-301F-11D3-BF4B-00C04F79EFBC}") = "BusinessLight.Data", "src\BusinessLight.Data\BusinessLight.Data.csproj", "{63D35B3F-E435-4798-BC7C-F54961671BC9}"
EndProject
Project("{FAE04EC0-301F-11D3-BF4B-00C04F79EFBC}") = "BusinessLight.Data.EntityFramework", "src\BusinessLight.Data.EntityFramework\BusinessLight.Data.EntityFramework.csproj", "{AAA57E66-B61A-4371-9DCC-31089CDEDD71}"
EndProject
Project("{FAE04EC0-301F-11D3-BF4B-00C04F79EFBC}") = "BusinessLight.Data.InMemory", "src\BusinessLight.Data.InMemory\BusinessLight.Data.InMemory.csproj", "{4766556B-819F-4C27-96C5-F1B15B5BC63E}"
EndProject
Project("{FAE04EC0-301F-11D3-BF4B-00C04F79EFBC}") = "BusinessLight.Data.EntityFramework.IntegrationTests", "tests\BusinessLight.Data.EntityFramework.IntegrationTests\BusinessLight.Data.EntityFramework.IntegrationTests.csproj", "{93F99E8C-1667-4A76-A6E7-1241CF73294E}"
EndProject
Project("{FAE04EC0-301F-11D3-BF4B-00C04F79EFBC}") = "BusinessLight.Data.InMemory.Tests", "tests\BusinessLight.Data.InMemory.Tests\BusinessLight.Data.InMemory.Tests.csproj", "{72CF6B05-E04C-4CCE-9602-79D5F4C620E9}"
EndProject
Project("{2150E333-8FDC-42A3-9474-1A3956D46DE8}") = "samples", "samples", "{FA6C6444-F754-4622-A362-0F7150B507E9}"
EndProject
Project("{FAE04EC0-301F-11D3-BF4B-00C04F79EFBC}") = "BusinessLight.PhoneBook.Domain", "samples\BusinessLight.PhoneBook.Domain\BusinessLight.PhoneBook.Domain.csproj", "{38DF5C07-2575-492B-9CD1-65C5537A677F}"
EndProject
Project("{FAE04EC0-301F-11D3-BF4B-00C04F79EFBC}") = "BusinessLight.PhoneBook.Data", "samples\BusinessLight.PhoneBook.Data\BusinessLight.PhoneBook.Data.csproj", "{3BA67D93-1AE0-4D92-A20A-CB97BE8CA383}"
EndProject
Project("{FAE04EC0-301F-11D3-BF4B-00C04F79EFBC}") = "BusinessLight.Paging", "src\BusinessLight.Paging\BusinessLight.Paging.csproj", "{F4750A96-07FB-4FEE-82A7-8F21E3836899}"
EndProject
Project("{FAE04EC0-301F-11D3-BF4B-00C04F79EFBC}") = "BusinessLight.Paging.Tests", "tests\BusinessLight.Paging.Tests\BusinessLight.Paging.Tests.csproj", "{E6F30586-71C3-4152-A70D-46C02815E19F}"
EndProject
Project("{FAE04EC0-301F-11D3-BF4B-00C04F79EFBC}") = "BusinessLight.PhoneBook.Service", "samples\BusinessLight.PhoneBook.Service\BusinessLight.PhoneBook.Service.csproj", "{D6D4CB26-746B-4D5F-A7BB-A389762A3F14}"
EndProject
Project("{FAE04EC0-301F-11D3-BF4B-00C04F79EFBC}") = "BusinessLight.PhoneBook.Dto", "samples\BusinessLight.PhoneBook.Dto\BusinessLight.PhoneBook.Dto.csproj", "{CBB6AFE4-6D30-48E5-AAC0-3EA7BDD451FD}"
EndProject
Project("{FAE04EC0-301F-11D3-BF4B-00C04F79EFBC}") = "BusinessLight.Dto", "src\BusinessLight.Dto\BusinessLight.Dto.csproj", "{C6CF4E7E-6EB6-4405-96CB-5F3F641814ED}"
EndProject
Project("{FAE04EC0-301F-11D3-BF4B-00C04F79EFBC}") = "BusinessLight.PhoneBook.Api", "samples\BusinessLight.PhoneBook.Api\BusinessLight.PhoneBook.Api.csproj", "{C56D5447-EBDF-4E58-93B9-E2E3872BC97B}"
EndProject
Project("{FAE04EC0-301F-11D3-BF4B-00C04F79EFBC}") = "BusinessLight.PhoneBook.Mapping", "samples\BusinessLight.PhoneBook.Mapping\BusinessLight.PhoneBook.Mapping.csproj", "{7D2B2F93-E03D-44E5-BD4E-A184F117A1AF}"
EndProject
Project("{FAE04EC0-301F-11D3-BF4B-00C04F79EFBC}") = "BusinessLight.PhoneBook.Mvc", "samples\BusinessLight.PhoneBook.Mvc\BusinessLight.PhoneBook.Mvc.csproj", "{E60D1290-D647-4933-B117-340BDF0884AC}"
EndProject
Project("{FAE04EC0-301F-11D3-BF4B-00C04F79EFBC}") = "BusinessLight.PhoneBook.Angular", "samples\BusinessLight.PhoneBook.Angular\BusinessLight.PhoneBook.Angular.csproj", "{F3C906E3-D563-49BE-90D9-69F7E5D0EFD7}"
EndProject
Project("{FAE04EC0-301F-11D3-BF4B-00C04F79EFBC}") = "BusinessLight.PhoneBook.Common", "samples\BusinessLight.PhoneBook.Common\BusinessLight.PhoneBook.Common.csproj", "{B909498B-91A0-4B17-9E08-3486AED37B71}"
EndProject
Project("{FAE04EC0-301F-11D3-BF4B-00C04F79EFBC}") = "BusinessLight.Dto.Tests", "tests\BusinessLight.Dto.Tests\BusinessLight.Dto.Tests.csproj", "{1AB5AB47-21CB-408E-BE67-1F14FCA1DD43}"
EndProject
Project("{FAE04EC0-301F-11D3-BF4B-00C04F79EFBC}") = "BusinessLight.Mvc", "src\BusinessLight.Mvc\BusinessLight.Mvc.csproj", "{8210DFCE-3CCE-43A4-BE55-E23B455C082C}"
EndProject
Project("{FAE04EC0-301F-11D3-BF4B-00C04F79EFBC}") = "BusinessLight.Core", "src\BusinessLight.Core\BusinessLight.Core.csproj", "{EC695FDD-E566-4A2F-85DC-2AC8F108408C}"
EndProject
Project("{FAE04EC0-301F-11D3-BF4B-00C04F79EFBC}") = "BusinessLight.Identity.EntityFramework", "src\BusinessLight.Identity.EntityFramework\BusinessLight.Identity.EntityFramework.csproj", "{ED3F44D7-74DB-4931-9711-B7ACDF34B081}"
EndProject
Global
	GlobalSection(SolutionConfigurationPlatforms) = preSolution
		Debug|Any CPU = Debug|Any CPU
		Release|Any CPU = Release|Any CPU
	EndGlobalSection
	GlobalSection(ProjectConfigurationPlatforms) = postSolution
		{4B4BFC5D-6AB7-4FF9-933D-035FB544281C}.Debug|Any CPU.ActiveCfg = Debug|Any CPU
		{4B4BFC5D-6AB7-4FF9-933D-035FB544281C}.Debug|Any CPU.Build.0 = Debug|Any CPU
		{4B4BFC5D-6AB7-4FF9-933D-035FB544281C}.Release|Any CPU.ActiveCfg = Release|Any CPU
		{4B4BFC5D-6AB7-4FF9-933D-035FB544281C}.Release|Any CPU.Build.0 = Release|Any CPU
		{7AB25039-4EA1-4A54-AFE8-F5E3832E83F5}.Debug|Any CPU.ActiveCfg = Debug|Any CPU
		{7AB25039-4EA1-4A54-AFE8-F5E3832E83F5}.Debug|Any CPU.Build.0 = Debug|Any CPU
		{7AB25039-4EA1-4A54-AFE8-F5E3832E83F5}.Release|Any CPU.ActiveCfg = Release|Any CPU
		{7AB25039-4EA1-4A54-AFE8-F5E3832E83F5}.Release|Any CPU.Build.0 = Release|Any CPU
		{12F619F1-E618-44E8-8EFF-6DA39936BB36}.Debug|Any CPU.ActiveCfg = Debug|Any CPU
		{12F619F1-E618-44E8-8EFF-6DA39936BB36}.Debug|Any CPU.Build.0 = Debug|Any CPU
		{12F619F1-E618-44E8-8EFF-6DA39936BB36}.Release|Any CPU.ActiveCfg = Release|Any CPU
		{12F619F1-E618-44E8-8EFF-6DA39936BB36}.Release|Any CPU.Build.0 = Release|Any CPU
		{63D35B3F-E435-4798-BC7C-F54961671BC9}.Debug|Any CPU.ActiveCfg = Debug|Any CPU
		{63D35B3F-E435-4798-BC7C-F54961671BC9}.Debug|Any CPU.Build.0 = Debug|Any CPU
		{63D35B3F-E435-4798-BC7C-F54961671BC9}.Release|Any CPU.ActiveCfg = Release|Any CPU
		{63D35B3F-E435-4798-BC7C-F54961671BC9}.Release|Any CPU.Build.0 = Release|Any CPU
		{AAA57E66-B61A-4371-9DCC-31089CDEDD71}.Debug|Any CPU.ActiveCfg = Debug|Any CPU
		{AAA57E66-B61A-4371-9DCC-31089CDEDD71}.Debug|Any CPU.Build.0 = Debug|Any CPU
		{AAA57E66-B61A-4371-9DCC-31089CDEDD71}.Release|Any CPU.ActiveCfg = Release|Any CPU
		{AAA57E66-B61A-4371-9DCC-31089CDEDD71}.Release|Any CPU.Build.0 = Release|Any CPU
		{4766556B-819F-4C27-96C5-F1B15B5BC63E}.Debug|Any CPU.ActiveCfg = Debug|Any CPU
		{4766556B-819F-4C27-96C5-F1B15B5BC63E}.Debug|Any CPU.Build.0 = Debug|Any CPU
		{4766556B-819F-4C27-96C5-F1B15B5BC63E}.Release|Any CPU.ActiveCfg = Release|Any CPU
		{4766556B-819F-4C27-96C5-F1B15B5BC63E}.Release|Any CPU.Build.0 = Release|Any CPU
		{93F99E8C-1667-4A76-A6E7-1241CF73294E}.Debug|Any CPU.ActiveCfg = Debug|Any CPU
		{93F99E8C-1667-4A76-A6E7-1241CF73294E}.Debug|Any CPU.Build.0 = Debug|Any CPU
		{93F99E8C-1667-4A76-A6E7-1241CF73294E}.Release|Any CPU.ActiveCfg = Release|Any CPU
		{93F99E8C-1667-4A76-A6E7-1241CF73294E}.Release|Any CPU.Build.0 = Release|Any CPU
		{72CF6B05-E04C-4CCE-9602-79D5F4C620E9}.Debug|Any CPU.ActiveCfg = Debug|Any CPU
		{72CF6B05-E04C-4CCE-9602-79D5F4C620E9}.Debug|Any CPU.Build.0 = Debug|Any CPU
		{72CF6B05-E04C-4CCE-9602-79D5F4C620E9}.Release|Any CPU.ActiveCfg = Release|Any CPU
		{72CF6B05-E04C-4CCE-9602-79D5F4C620E9}.Release|Any CPU.Build.0 = Release|Any CPU
		{38DF5C07-2575-492B-9CD1-65C5537A677F}.Debug|Any CPU.ActiveCfg = Debug|Any CPU
		{38DF5C07-2575-492B-9CD1-65C5537A677F}.Debug|Any CPU.Build.0 = Debug|Any CPU
		{38DF5C07-2575-492B-9CD1-65C5537A677F}.Release|Any CPU.ActiveCfg = Release|Any CPU
		{38DF5C07-2575-492B-9CD1-65C5537A677F}.Release|Any CPU.Build.0 = Release|Any CPU
		{3BA67D93-1AE0-4D92-A20A-CB97BE8CA383}.Debug|Any CPU.ActiveCfg = Debug|Any CPU
		{3BA67D93-1AE0-4D92-A20A-CB97BE8CA383}.Debug|Any CPU.Build.0 = Debug|Any CPU
		{3BA67D93-1AE0-4D92-A20A-CB97BE8CA383}.Release|Any CPU.ActiveCfg = Release|Any CPU
		{3BA67D93-1AE0-4D92-A20A-CB97BE8CA383}.Release|Any CPU.Build.0 = Release|Any CPU
		{F4750A96-07FB-4FEE-82A7-8F21E3836899}.Debug|Any CPU.ActiveCfg = Debug|Any CPU
		{F4750A96-07FB-4FEE-82A7-8F21E3836899}.Debug|Any CPU.Build.0 = Debug|Any CPU
		{F4750A96-07FB-4FEE-82A7-8F21E3836899}.Release|Any CPU.ActiveCfg = Release|Any CPU
		{F4750A96-07FB-4FEE-82A7-8F21E3836899}.Release|Any CPU.Build.0 = Release|Any CPU
		{E6F30586-71C3-4152-A70D-46C02815E19F}.Debug|Any CPU.ActiveCfg = Debug|Any CPU
		{E6F30586-71C3-4152-A70D-46C02815E19F}.Debug|Any CPU.Build.0 = Debug|Any CPU
		{E6F30586-71C3-4152-A70D-46C02815E19F}.Release|Any CPU.ActiveCfg = Release|Any CPU
		{E6F30586-71C3-4152-A70D-46C02815E19F}.Release|Any CPU.Build.0 = Release|Any CPU
		{D6D4CB26-746B-4D5F-A7BB-A389762A3F14}.Debug|Any CPU.ActiveCfg = Debug|Any CPU
		{D6D4CB26-746B-4D5F-A7BB-A389762A3F14}.Debug|Any CPU.Build.0 = Debug|Any CPU
		{D6D4CB26-746B-4D5F-A7BB-A389762A3F14}.Release|Any CPU.ActiveCfg = Release|Any CPU
		{D6D4CB26-746B-4D5F-A7BB-A389762A3F14}.Release|Any CPU.Build.0 = Release|Any CPU
		{CBB6AFE4-6D30-48E5-AAC0-3EA7BDD451FD}.Debug|Any CPU.ActiveCfg = Debug|Any CPU
		{CBB6AFE4-6D30-48E5-AAC0-3EA7BDD451FD}.Debug|Any CPU.Build.0 = Debug|Any CPU
		{CBB6AFE4-6D30-48E5-AAC0-3EA7BDD451FD}.Release|Any CPU.ActiveCfg = Release|Any CPU
		{CBB6AFE4-6D30-48E5-AAC0-3EA7BDD451FD}.Release|Any CPU.Build.0 = Release|Any CPU
		{C6CF4E7E-6EB6-4405-96CB-5F3F641814ED}.Debug|Any CPU.ActiveCfg = Debug|Any CPU
		{C6CF4E7E-6EB6-4405-96CB-5F3F641814ED}.Debug|Any CPU.Build.0 = Debug|Any CPU
		{C6CF4E7E-6EB6-4405-96CB-5F3F641814ED}.Release|Any CPU.ActiveCfg = Release|Any CPU
		{C6CF4E7E-6EB6-4405-96CB-5F3F641814ED}.Release|Any CPU.Build.0 = Release|Any CPU
		{C56D5447-EBDF-4E58-93B9-E2E3872BC97B}.Debug|Any CPU.ActiveCfg = Debug|Any CPU
		{C56D5447-EBDF-4E58-93B9-E2E3872BC97B}.Debug|Any CPU.Build.0 = Debug|Any CPU
		{C56D5447-EBDF-4E58-93B9-E2E3872BC97B}.Release|Any CPU.ActiveCfg = Release|Any CPU
		{C56D5447-EBDF-4E58-93B9-E2E3872BC97B}.Release|Any CPU.Build.0 = Release|Any CPU
		{7D2B2F93-E03D-44E5-BD4E-A184F117A1AF}.Debug|Any CPU.ActiveCfg = Debug|Any CPU
		{7D2B2F93-E03D-44E5-BD4E-A184F117A1AF}.Debug|Any CPU.Build.0 = Debug|Any CPU
		{7D2B2F93-E03D-44E5-BD4E-A184F117A1AF}.Release|Any CPU.ActiveCfg = Release|Any CPU
		{7D2B2F93-E03D-44E5-BD4E-A184F117A1AF}.Release|Any CPU.Build.0 = Release|Any CPU
		{E60D1290-D647-4933-B117-340BDF0884AC}.Debug|Any CPU.ActiveCfg = Debug|Any CPU
		{E60D1290-D647-4933-B117-340BDF0884AC}.Debug|Any CPU.Build.0 = Debug|Any CPU
		{E60D1290-D647-4933-B117-340BDF0884AC}.Release|Any CPU.ActiveCfg = Release|Any CPU
		{E60D1290-D647-4933-B117-340BDF0884AC}.Release|Any CPU.Build.0 = Release|Any CPU
		{F3C906E3-D563-49BE-90D9-69F7E5D0EFD7}.Debug|Any CPU.ActiveCfg = Debug|Any CPU
		{F3C906E3-D563-49BE-90D9-69F7E5D0EFD7}.Debug|Any CPU.Build.0 = Debug|Any CPU
		{F3C906E3-D563-49BE-90D9-69F7E5D0EFD7}.Release|Any CPU.ActiveCfg = Release|Any CPU
		{F3C906E3-D563-49BE-90D9-69F7E5D0EFD7}.Release|Any CPU.Build.0 = Release|Any CPU
		{B909498B-91A0-4B17-9E08-3486AED37B71}.Debug|Any CPU.ActiveCfg = Debug|Any CPU
		{B909498B-91A0-4B17-9E08-3486AED37B71}.Debug|Any CPU.Build.0 = Debug|Any CPU
		{B909498B-91A0-4B17-9E08-3486AED37B71}.Release|Any CPU.ActiveCfg = Release|Any CPU
		{B909498B-91A0-4B17-9E08-3486AED37B71}.Release|Any CPU.Build.0 = Release|Any CPU
		{1AB5AB47-21CB-408E-BE67-1F14FCA1DD43}.Debug|Any CPU.ActiveCfg = Debug|Any CPU
		{1AB5AB47-21CB-408E-BE67-1F14FCA1DD43}.Debug|Any CPU.Build.0 = Debug|Any CPU
		{1AB5AB47-21CB-408E-BE67-1F14FCA1DD43}.Release|Any CPU.ActiveCfg = Release|Any CPU
		{1AB5AB47-21CB-408E-BE67-1F14FCA1DD43}.Release|Any CPU.Build.0 = Release|Any CPU
		{8210DFCE-3CCE-43A4-BE55-E23B455C082C}.Debug|Any CPU.ActiveCfg = Debug|Any CPU
		{8210DFCE-3CCE-43A4-BE55-E23B455C082C}.Debug|Any CPU.Build.0 = Debug|Any CPU
		{8210DFCE-3CCE-43A4-BE55-E23B455C082C}.Release|Any CPU.ActiveCfg = Release|Any CPU
		{8210DFCE-3CCE-43A4-BE55-E23B455C082C}.Release|Any CPU.Build.0 = Release|Any CPU
		{EC695FDD-E566-4A2F-85DC-2AC8F108408C}.Debug|Any CPU.ActiveCfg = Debug|Any CPU
		{EC695FDD-E566-4A2F-85DC-2AC8F108408C}.Debug|Any CPU.Build.0 = Debug|Any CPU
		{EC695FDD-E566-4A2F-85DC-2AC8F108408C}.Release|Any CPU.ActiveCfg = Release|Any CPU
		{EC695FDD-E566-4A2F-85DC-2AC8F108408C}.Release|Any CPU.Build.0 = Release|Any CPU
		{ED3F44D7-74DB-4931-9711-B7ACDF34B081}.Debug|Any CPU.ActiveCfg = Debug|Any CPU
		{ED3F44D7-74DB-4931-9711-B7ACDF34B081}.Debug|Any CPU.Build.0 = Debug|Any CPU
		{ED3F44D7-74DB-4931-9711-B7ACDF34B081}.Release|Any CPU.ActiveCfg = Release|Any CPU
		{ED3F44D7-74DB-4931-9711-B7ACDF34B081}.Release|Any CPU.Build.0 = Release|Any CPU
	EndGlobalSection
	GlobalSection(SolutionProperties) = preSolution
		HideSolutionNode = FALSE
	EndGlobalSection
	GlobalSection(NestedProjects) = preSolution
		{4B4BFC5D-6AB7-4FF9-933D-035FB544281C} = {0DAB9946-E63B-48EC-BF8A-F84968764C7A}
		{7AB25039-4EA1-4A54-AFE8-F5E3832E83F5} = {F4927267-341B-43A0-BC42-7F8124FEC7C8}
		{12F619F1-E618-44E8-8EFF-6DA39936BB36} = {F4927267-341B-43A0-BC42-7F8124FEC7C8}
		{63D35B3F-E435-4798-BC7C-F54961671BC9} = {0DAB9946-E63B-48EC-BF8A-F84968764C7A}
		{AAA57E66-B61A-4371-9DCC-31089CDEDD71} = {0DAB9946-E63B-48EC-BF8A-F84968764C7A}
		{4766556B-819F-4C27-96C5-F1B15B5BC63E} = {0DAB9946-E63B-48EC-BF8A-F84968764C7A}
		{93F99E8C-1667-4A76-A6E7-1241CF73294E} = {F4927267-341B-43A0-BC42-7F8124FEC7C8}
		{72CF6B05-E04C-4CCE-9602-79D5F4C620E9} = {F4927267-341B-43A0-BC42-7F8124FEC7C8}
		{38DF5C07-2575-492B-9CD1-65C5537A677F} = {FA6C6444-F754-4622-A362-0F7150B507E9}
		{3BA67D93-1AE0-4D92-A20A-CB97BE8CA383} = {FA6C6444-F754-4622-A362-0F7150B507E9}
		{F4750A96-07FB-4FEE-82A7-8F21E3836899} = {0DAB9946-E63B-48EC-BF8A-F84968764C7A}
		{E6F30586-71C3-4152-A70D-46C02815E19F} = {F4927267-341B-43A0-BC42-7F8124FEC7C8}
		{D6D4CB26-746B-4D5F-A7BB-A389762A3F14} = {FA6C6444-F754-4622-A362-0F7150B507E9}
		{CBB6AFE4-6D30-48E5-AAC0-3EA7BDD451FD} = {FA6C6444-F754-4622-A362-0F7150B507E9}
		{C6CF4E7E-6EB6-4405-96CB-5F3F641814ED} = {0DAB9946-E63B-48EC-BF8A-F84968764C7A}
		{C56D5447-EBDF-4E58-93B9-E2E3872BC97B} = {FA6C6444-F754-4622-A362-0F7150B507E9}
		{7D2B2F93-E03D-44E5-BD4E-A184F117A1AF} = {FA6C6444-F754-4622-A362-0F7150B507E9}
		{E60D1290-D647-4933-B117-340BDF0884AC} = {FA6C6444-F754-4622-A362-0F7150B507E9}
		{F3C906E3-D563-49BE-90D9-69F7E5D0EFD7} = {FA6C6444-F754-4622-A362-0F7150B507E9}
		{B909498B-91A0-4B17-9E08-3486AED37B71} = {FA6C6444-F754-4622-A362-0F7150B507E9}
		{1AB5AB47-21CB-408E-BE67-1F14FCA1DD43} = {F4927267-341B-43A0-BC42-7F8124FEC7C8}
		{8210DFCE-3CCE-43A4-BE55-E23B455C082C} = {0DAB9946-E63B-48EC-BF8A-F84968764C7A}
		{EC695FDD-E566-4A2F-85DC-2AC8F108408C} = {0DAB9946-E63B-48EC-BF8A-F84968764C7A}
		{ED3F44D7-74DB-4931-9711-B7ACDF34B081} = {0DAB9946-E63B-48EC-BF8A-F84968764C7A}
	EndGlobalSection
EndGlobal
